
Microsoft Visual Studio Solution File, Format Version 12.00
# Visual Studio Version 17
VisualStudioVersion = 17.3.32901.215
MinimumVisualStudioVersion = 10.0.40219.1
Project("{FAE04EC0-301F-11D3-BF4B-00C04F79EFBC}") = "ConsoleApp1", "ConsoleApp1.csproj", "{9EB4D4A3-B63E-4F67-A167-17B64E7F5315}"
EndProject
Project("{FAE04EC0-301F-11D3-BF4B-00C04F79EFBC}") = "WindowsFormsApp1", "..\WindowsFormsApp1\WindowsFormsApp1.csproj", "{58AEE7A7-0CB0-46FB-B46E-6ACF00C0E058}"
EndProject
Global
	GlobalSection(SolutionConfigurationPlatforms) = preSolution
		Debug|Any CPU = Debug|Any CPU
		Release|Any CPU = Release|Any CPU
	EndGlobalSection
	GlobalSection(ProjectConfigurationPlatforms) = postSolution
		{9EB4D4A3-B63E-4F67-A167-17B64E7F5315}.Debug|Any CPU.ActiveCfg = Debug|Any CPU
		{9EB4D4A3-B63E-4F67-A167-17B64E7F5315}.Debug|Any CPU.Build.0 = Debug|Any CPU
		{9EB4D4A3-B63E-4F67-A167-17B64E7F5315}.Release|Any CPU.ActiveCfg = Release|Any CPU
		{9EB4D4A3-B63E-4F67-A167-17B64E7F5315}.Release|Any CPU.Build.0 = Release|Any CPU
		{58AEE7A7-0CB0-46FB-B46E-6ACF00C0E058}.Debug|Any CPU.ActiveCfg = Debug|Any CPU
		{58AEE7A7-0CB0-46FB-B46E-6ACF00C0E058}.Debug|Any CPU.Build.0 = Debug|Any CPU
		{58AEE7A7-0CB0-46FB-B46E-6ACF00C0E058}.Release|Any CPU.ActiveCfg = Release|Any CPU
		{58AEE7A7-0CB0-46FB-B46E-6ACF00C0E058}.Release|Any CPU.Build.0 = Release|Any CPU
	EndGlobalSection
	GlobalSection(SolutionProperties) = preSolution
		HideSolutionNode = FALSE
	EndGlobalSection
	GlobalSection(ExtensibilityGlobals) = postSolution
		SolutionGuid = {71543822-348A-4AC4-A397-BBF089511575}
	EndGlobalSection
EndGlobal
